
Microsoft Visual Studio Solution File, Format Version 12.00
# Visual Studio 14
VisualStudioVersion = 14.0.25420.1
MinimumVisualStudioVersion = 10.0.40219.1
Project("{8BC9CEB8-8B4A-11D0-8D11-00A0C91BC942}") = "sort", "algorithmPractice\algorithmPractice.vcxproj", "{CC0529E3-40BC-42A1-A40F-0C33D505AF8B}"
EndProject
Project("{8BC9CEB8-8B4A-11D0-8D11-00A0C91BC942}") = "problem01_inversePair", "problem_inversePair\problem_inversePair.vcxproj", "{4821C724-8BA7-4A77-A210-8BC2A7A34F86}"
EndProject
Project("{8BC9CEB8-8B4A-11D0-8D11-00A0C91BC942}") = "prim", "prim\prim.vcxproj", "{6A35E52F-4F97-43C5-8E14-756CBE48B656}"
EndProject
Project("{8BC9CEB8-8B4A-11D0-8D11-00A0C91BC942}") = "priorityQueue", "priorityQueue\priorityQueue.vcxproj", "{8D247F7F-7209-4425-8B51-A9C2F0B593AE}"
EndProject
Global
	GlobalSection(SolutionConfigurationPlatforms) = preSolution
		Debug|x64 = Debug|x64
		Debug|x86 = Debug|x86
		Release|x64 = Release|x64
		Release|x86 = Release|x86
	EndGlobalSection
	GlobalSection(ProjectConfigurationPlatforms) = postSolution
		{CC0529E3-40BC-42A1-A40F-0C33D505AF8B}.Debug|x64.ActiveCfg = Debug|x64
		{CC0529E3-40BC-42A1-A40F-0C33D505AF8B}.Debug|x64.Build.0 = Debug|x64
		{CC0529E3-40BC-42A1-A40F-0C33D505AF8B}.Debug|x86.ActiveCfg = Debug|Win32
		{CC0529E3-40BC-42A1-A40F-0C33D505AF8B}.Debug|x86.Build.0 = Debug|Win32
		{CC0529E3-40BC-42A1-A40F-0C33D505AF8B}.Release|x64.ActiveCfg = Release|x64
		{CC0529E3-40BC-42A1-A40F-0C33D505AF8B}.Release|x64.Build.0 = Release|x64
		{CC0529E3-40BC-42A1-A40F-0C33D505AF8B}.Release|x86.ActiveCfg = Release|Win32
		{CC0529E3-40BC-42A1-A40F-0C33D505AF8B}.Release|x86.Build.0 = Release|Win32
		{4821C724-8BA7-4A77-A210-8BC2A7A34F86}.Debug|x64.ActiveCfg = Debug|x64
		{4821C724-8BA7-4A77-A210-8BC2A7A34F86}.Debug|x64.Build.0 = Debug|x64
		{4821C724-8BA7-4A77-A210-8BC2A7A34F86}.Debug|x86.ActiveCfg = Debug|Win32
		{4821C724-8BA7-4A77-A210-8BC2A7A34F86}.Debug|x86.Build.0 = Debug|Win32
		{4821C724-8BA7-4A77-A210-8BC2A7A34F86}.Release|x64.ActiveCfg = Release|x64
		{4821C724-8BA7-4A77-A210-8BC2A7A34F86}.Release|x64.Build.0 = Release|x64
		{4821C724-8BA7-4A77-A210-8BC2A7A34F86}.Release|x86.ActiveCfg = Release|Win32
		{4821C724-8BA7-4A77-A210-8BC2A7A34F86}.Release|x86.Build.0 = Release|Win32
		{6A35E52F-4F97-43C5-8E14-756CBE48B656}.Debug|x64.ActiveCfg = Debug|x64
		{6A35E52F-4F97-43C5-8E14-756CBE48B656}.Debug|x64.Build.0 = Debug|x64
		{6A35E52F-4F97-43C5-8E14-756CBE48B656}.Debug|x86.ActiveCfg = Debug|Win32
		{6A35E52F-4F97-43C5-8E14-756CBE48B656}.Debug|x86.Build.0 = Debug|Win32
		{6A35E52F-4F97-43C5-8E14-756CBE48B656}.Release|x64.ActiveCfg = Release|x64
		{6A35E52F-4F97-43C5-8E14-756CBE48B656}.Release|x64.Build.0 = Release|x64
		{6A35E52F-4F97-43C5-8E14-756CBE48B656}.Release|x86.ActiveCfg = Release|Win32
		{6A35E52F-4F97-43C5-8E14-756CBE48B656}.Release|x86.Build.0 = Release|Win32
		{8D247F7F-7209-4425-8B51-A9C2F0B593AE}.Debug|x64.ActiveCfg = Debug|x64
		{8D247F7F-7209-4425-8B51-A9C2F0B593AE}.Debug|x64.Build.0 = Debug|x64
		{8D247F7F-7209-4425-8B51-A9C2F0B593AE}.Debug|x86.ActiveCfg = Debug|Win32
		{8D247F7F-7209-4425-8B51-A9C2F0B593AE}.Debug|x86.Build.0 = Debug|Win32
		{8D247F7F-7209-4425-8B51-A9C2F0B593AE}.Release|x64.ActiveCfg = Release|x64
		{8D247F7F-7209-4425-8B51-A9C2F0B593AE}.Release|x64.Build.0 = Release|x64
		{8D247F7F-7209-4425-8B51-A9C2F0B593AE}.Release|x86.ActiveCfg = Release|Win32
		{8D247F7F-7209-4425-8B51-A9C2F0B593AE}.Release|x86.Build.0 = Release|Win32
	EndGlobalSection
	GlobalSection(SolutionProperties) = preSolution
		HideSolutionNode = FALSE
	EndGlobalSection
EndGlobal
